// !$*UTF8*$!
{
	archiveVersion = 1;
	classes = {
	};
	objectVersion = 46;
	objects = {

/* Begin PBXBuildFile section */
		185B21D61B21464C000D64EB /* main.m in Sources */ = {isa = PBXBuildFile; fileRef = 185B21D51B21464C000D64EB /* main.m */; };
		185B21D91B21464C000D64EB /* AppDelegate.m in Sources */ = {isa = PBXBuildFile; fileRef = 185B21D81B21464C000D64EB /* AppDelegate.m */; };
		185B21DC1B21464C000D64EB /* ViewController.m in Sources */ = {isa = PBXBuildFile; fileRef = 185B21DB1B21464C000D64EB /* ViewController.m */; };
		185B21DF1B21464C000D64EB /* Main.storyboard in Resources */ = {isa = PBXBuildFile; fileRef = 185B21DD1B21464C000D64EB /* Main.storyboard */; };
		185B21E11B21464C000D64EB /* Images.xcassets in Resources */ = {isa = PBXBuildFile; fileRef = 185B21E01B21464C000D64EB /* Images.xcassets */; };
		185B21E41B21464C000D64EB /* LaunchScreen.xib in Resources */ = {isa = PBXBuildFile; fileRef = 185B21E21B21464C000D64EB /* LaunchScreen.xib */; };
		185B21F01B21464C000D64EB /* LeeUmengShareTests.m in Sources */ = {isa = PBXBuildFile; fileRef = 185B21EF1B21464C000D64EB /* LeeUmengShareTests.m */; };
/* End PBXBuildFile section */

/* Begin PBXContainerItemProxy section */
		185B21EA1B21464C000D64EB /* PBXContainerItemProxy */ = {
			isa = PBXContainerItemProxy;
			containerPortal = 185B21C81B21464C000D64EB /* Project object */;
			proxyType = 1;
			remoteGlobalIDString = 185B21CF1B21464C000D64EB;
			remoteInfo = LeeUmengShare;
		};
/* End PBXContainerItemProxy section */

/* Begin PBXFileReference section */
		185B21D01B21464C000D64EB /* LeeUmengShare.app */ = {isa = PBXFileReference; explicitFileType = wrapper.application; includeInIndex = 0; path = LeeUmengShare.app; sourceTree = BUILT_PRODUCTS_DIR; };
		185B21D41B21464C000D64EB /* Info.plist */ = {isa = PBXFileReference; lastKnownFileType = text.plist.xml; path = Info.plist; sourceTree = "<group>"; };
		185B21D51B21464C000D64EB /* main.m */ = {isa = PBXFileReference; lastKnownFileType = sourcecode.c.objc; path = main.m; sourceTree = "<group>"; };
		185B21D71B21464C000D64EB /* AppDelegate.h */ = {isa = PBXFileReference; lastKnownFileType = sourcecode.c.h; path = AppDelegate.h; sourceTree = "<group>"; };
		185B21D81B21464C000D64EB /* AppDelegate.m */ = {isa = PBXFileReference; lastKnownFileType = sourcecode.c.objc; path = AppDelegate.m; sourceTree = "<group>"; };
		185B21DA1B21464C000D64EB /* ViewController.h */ = {isa = PBXFileReference; lastKnownFileType = sourcecode.c.h; path = ViewController.h; sourceTree = "<group>"; };
		185B21DB1B21464C000D64EB /* ViewController.m */ = {isa = PBXFileReference; lastKnownFileType = sourcecode.c.objc; path = ViewController.m; sourceTree = "<group>"; };
		185B21DE1B21464C000D64EB /* Base */ = {isa = PBXFileReference; lastKnownFileType = file.storyboard; name = Base; path = Base.lproj/Main.storyboard; sourceTree = "<group>"; };
		185B21E01B21464C000D64EB /* Images.xcassets */ = {isa = PBXFileReference; lastKnownFileType = folder.assetcatalog; path = Images.xcassets; sourceTree = "<group>"; };
		185B21E31B21464C000D64EB /* Base */ = {isa = PBXFileReference; lastKnownFileType = file.xib; name = Base; path = Base.lproj/LaunchScreen.xib; sourceTree = "<group>"; };
		185B21E91B21464C000D64EB /* LeeUmengShareTests.xctest */ = {isa = PBXFileReference; explicitFileType = wrapper.cfbundle; includeInIndex = 0; path = LeeUmengShareTests.xctest; sourceTree = BUILT_PRODUCTS_DIR; };
		185B21EE1B21464C000D64EB /* Info.plist */ = {isa = PBXFileReference; lastKnownFileType = text.plist.xml; path = Info.plist; sourceTree = "<group>"; };
		185B21EF1B21464C000D64EB /* LeeUmengShareTests.m */ = {isa = PBXFileReference; lastKnownFileType = sourcecode.c.objc; path = LeeUmengShareTests.m; sourceTree = "<group>"; };
/* End PBXFileReference section */

/* Begin PBXFrameworksBuildPhase section */
		185B21CD1B21464C000D64EB /* Frameworks */ = {
			isa = PBXFrameworksBuildPhase;
			buildActionMask = 2147483647;
			files = (
			);
			runOnlyForDeploymentPostprocessing = 0;
		};
		185B21E61B21464C000D64EB /* Frameworks */ = {
			isa = PBXFrameworksBuildPhase;
			buildActionMask = 2147483647;
			files = (
			);
			runOnlyForDeploymentPostprocessing = 0;
		};
/* End PBXFrameworksBuildPhase section */

/* Begin PBXGroup section */
		185B21C71B21464C000D64EB = {
			isa = PBXGroup;
			children = (
				185B21D21B21464C000D64EB /* LeeUmengShare */,
				185B21EC1B21464C000D64EB /* LeeUmengShareTests */,
				185B21D11B21464C000D64EB /* Products */,
			);
			sourceTree = "<group>";
		};
		185B21D11B21464C000D64EB /* Products */ = {
			isa = PBXGroup;
			children = (
				185B21D01B21464C000D64EB /* LeeUmengShare.app */,
				185B21E91B21464C000D64EB /* LeeUmengShareTests.xctest */,
			);
			name = Products;
			sourceTree = "<group>";
		};
		185B21D21B21464C000D64EB /* LeeUmengShare */ = {
			isa = PBXGroup;
			children = (
				185B21D71B21464C000D64EB /* AppDelegate.h */,
				185B21D81B21464C000D64EB /* AppDelegate.m */,
				185B21DA1B21464C000D64EB /* ViewController.h */,
				185B21DB1B21464C000D64EB /* ViewController.m */,
				185B21DD1B21464C000D64EB /* Main.storyboard */,
				185B21E01B21464C000D64EB /* Images.xcassets */,
				185B21E21B21464C000D64EB /* LaunchScreen.xib */,
				185B21D31B21464C000D64EB /* Supporting Files */,
			);
			path = LeeUmengShare;
			sourceTree = "<group>";
		};
		185B21D31B21464C000D64EB /* Supporting Files */ = {
			isa = PBXGroup;
			children = (
				185B21D41B21464C000D64EB /* Info.plist */,
				185B21D51B21464C000D64EB /* main.m */,
			);
			name = "Supporting Files";
			sourceTree = "<group>";
		};
		185B21EC1B21464C000D64EB /* LeeUmengShareTests */ = {
			isa = PBXGroup;
			children = (
				185B21EF1B21464C000D64EB /* LeeUmengShareTests.m */,
				185B21ED1B21464C000D64EB /* Supporting Files */,
			);
			path = LeeUmengShareTests;
			sourceTree = "<group>";
		};
		185B21ED1B21464C000D64EB /* Supporting Files */ = {
			isa = PBXGroup;
			children = (
				185B21EE1B21464C000D64EB /* Info.plist */,
			);
			name = "Supporting Files";
			sourceTree = "<group>";
		};
/* End PBXGroup section */

/* Begin PBXNativeTarget section */
		185B21CF1B21464C000D64EB /* LeeUmengShare */ = {
			isa = PBXNativeTarget;
			buildConfigurationList = 185B21F31B21464C000D64EB /* Build configuration list for PBXNativeTarget "LeeUmengShare" */;
			buildPhases = (
				185B21CC1B21464C000D64EB /* Sources */,
				185B21CD1B21464C000D64EB /* Frameworks */,
				185B21CE1B21464C000D64EB /* Resources */,
			);
			buildRules = (
			);
			dependencies = (
			);
			name = LeeUmengShare;
			productName = LeeUmengShare;
			productReference = 185B21D01B21464C000D64EB /* LeeUmengShare.app */;
			productType = "com.apple.product-type.application";
		};
		185B21E81B21464C000D64EB /* LeeUmengShareTests */ = {
			isa = PBXNativeTarget;
			buildConfigurationList = 185B21F61B21464C000D64EB /* Build configuration list for PBXNativeTarget "LeeUmengShareTests" */;
			buildPhases = (
				185B21E51B21464C000D64EB /* Sources */,
				185B21E61B21464C000D64EB /* Frameworks */,
				185B21E71B21464C000D64EB /* Resources */,
			);
			buildRules = (
			);
			dependencies = (
				185B21EB1B21464C000D64EB /* PBXTargetDependency */,
			);
			name = LeeUmengShareTests;
			productName = LeeUmengShareTests;
			productReference = 185B21E91B21464C000D64EB /* LeeUmengShareTests.xctest */;
			productType = "com.apple.product-type.bundle.unit-test";
		};
/* End PBXNativeTarget section */

/* Begin PBXProject section */
		185B21C81B21464C000D64EB /* Project object */ = {
			isa = PBXProject;
			attributes = {
				LastUpgradeCheck = 0610;
				ORGANIZATIONNAME = yuanjilee;
				TargetAttributes = {
					185B21CF1B21464C000D64EB = {
						CreatedOnToolsVersion = 6.1.1;
					};
					185B21E81B21464C000D64EB = {
						CreatedOnToolsVersion = 6.1.1;
						TestTargetID = 185B21CF1B21464C000D64EB;
					};
				};
			};
			buildConfigurationList = 185B21CB1B21464C000D64EB /* Build configuration list for PBXProject "LeeUmengShare" */;
			compatibilityVersion = "Xcode 3.2";
			developmentRegion = English;
			hasScannedForEncodings = 0;
			knownRegions = (
				en,
				Base,
			);
			mainGroup = 185B21C71B21464C000D64EB;
			productRefGroup = 185B21D11B21464C000D64EB /* Products */;
			projectDirPath = "";
			projectRoot = "";
			targets = (
				185B21CF1B21464C000D64EB /* LeeUmengShare */,
				185B21E81B21464C000D64EB /* LeeUmengShareTests */,
			);
		};
/* End PBXProject section */

/* Begin PBXResourcesBuildPhase section */
		185B21CE1B21464C000D64EB /* Resources */ = {
			isa = PBXResourcesBuildPhase;
			buildActionMask = 2147483647;
			files = (
				185B21DF1B21464C000D64EB /* Main.storyboard in Resources */,
				185B21E41B21464C000D64EB /* LaunchScreen.xib in Resources */,
				185B21E11B21464C000D64EB /* Images.xcassets in Resources */,
			);
			runOnlyForDeploymentPostprocessing = 0;
		};
		185B21E71B21464C000D64EB /* Resources */ = {
			isa = PBXResourcesBuildPhase;
			buildActionMask = 2147483647;
			files = (
			);
			runOnlyForDeploymentPostprocessing = 0;
		};
/* End PBXResourcesBuildPhase section */

/* Begin PBXSourcesBuildPhase section */
		185B21CC1B21464C000D64EB /* Sources */ = {
			isa = PBXSourcesBuildPhase;
			buildActionMask = 2147483647;
			files = (
				185B21DC1B21464C000D64EB /* ViewController.m in Sources */,
				185B21D91B21464C000D64EB /* AppDelegate.m in Sources */,
				185B21D61B21464C000D64EB /* main.m in Sources */,
			);
			runOnlyForDeploymentPostprocessing = 0;
		};
		185B21E51B21464C000D64EB /* Sources */ = {
			isa = PBXSourcesBuildPhase;
			buildActionMask = 2147483647;
			files = (
				185B21F01B21464C000D64EB /* LeeUmengShareTests.m in Sources */,
			);
			runOnlyForDeploymentPostprocessing = 0;
		};
/* End PBXSourcesBuildPhase section */

/* Begin PBXTargetDependency section */
		185B21EB1B21464C000D64EB /* PBXTargetDependency */ = {
			isa = PBXTargetDependency;
			target = 185B21CF1B21464C000D64EB /* LeeUmengShare */;
			targetProxy = 185B21EA1B21464C000D64EB /* PBXContainerItemProxy */;
		};
/* End PBXTargetDependency section */

/* Begin PBXVariantGroup section */
		185B21DD1B21464C000D64EB /* Main.storyboard */ = {
			isa = PBXVariantGroup;
			children = (
				185B21DE1B21464C000D64EB /* Base */,
			);
			name = Main.storyboard;
			sourceTree = "<group>";
		};
		185B21E21B21464C000D64EB /* LaunchScreen.xib */ = {
			isa = PBXVariantGroup;
			children = (
				185B21E31B21464C000D64EB /* Base */,
			);
			name = LaunchScreen.xib;
			sourceTree = "<group>";
		};
/* End PBXVariantGroup section */

/* Begin XCBuildConfiguration section */
		185B21F11B21464C000D64EB /* Debug */ = {
			isa = XCBuildConfiguration;
			buildSettings = {
				ALWAYS_SEARCH_USER_PATHS = NO;
				CLANG_CXX_LANGUAGE_STANDARD = "gnu++0x";
				CLANG_CXX_LIBRARY = "libc++";
				CLANG_ENABLE_MODULES = YES;
				CLANG_ENABLE_OBJC_ARC = YES;
				CLANG_WARN_BOOL_CONVERSION = YES;
				CLANG_WARN_CONSTANT_CONVERSION = YES;
				CLANG_WARN_DIRECT_OBJC_ISA_USAGE = YES_ERROR;
				CLANG_WARN_EMPTY_BODY = YES;
				CLANG_WARN_ENUM_CONVERSION = YES;
				CLANG_WARN_INT_CONVERSION = YES;
				CLANG_WARN_OBJC_ROOT_CLASS = YES_ERROR;
				CLANG_WARN_UNREACHABLE_CODE = YES;
				CLANG_WARN__DUPLICATE_METHOD_MATCH = YES;
				"CODE_SIGN_IDENTITY[sdk=iphoneos*]" = "iPhone Developer";
				COPY_PHASE_STRIP = NO;
				ENABLE_STRICT_OBJC_MSGSEND = YES;
				GCC_C_LANGUAGE_STANDARD = gnu99;
				GCC_DYNAMIC_NO_PIC = NO;
				GCC_OPTIMIZATION_LEVEL = 0;
				GCC_PREPROCESSOR_DEFINITIONS = (
					"DEBUG=1",
					"$(inherited)",
				);
				GCC_SYMBOLS_PRIVATE_EXTERN = NO;
				GCC_WARN_64_TO_32_BIT_CONVERSION = YES;
				GCC_WARN_ABOUT_RETURN_TYPE = YES_ERROR;
				GCC_WARN_UNDECLARED_SELECTOR = YES;
				GCC_WARN_UNINITIALIZED_AUTOS = YES_AGGRESSIVE;
				GCC_WARN_UNUSED_FUNCTION = YES;
				GCC_WARN_UNUSED_VARIABLE = YES;
				IPHONEOS_DEPLOYMENT_TARGET = 8.1;
				MTL_ENABLE_DEBUG_INFO = YES;
				ONLY_ACTIVE_ARCH = YES;
				SDKROOT = iphoneos;
			};
			name = Debug;
		};
		185B21F21B21464C000D64EB /* Release */ = {
			isa = XCBuildConfiguration;
			buildSettings = {
				ALWAYS_SEARCH_USER_PATHS = NO;
				CLANG_CXX_LANGUAGE_STANDARD = "gnu++0x";
				CLANG_CXX_LIBRARY = "libc++";
				CLANG_ENABLE_MODULES = YES;
				CLANG_ENABLE_OBJC_ARC = YES;
				CLANG_WARN_BOOL_CONVERSION = YES;
				CLANG_WARN_CONSTANT_CONVERSION = YES;
				CLANG_WARN_DIRECT_OBJC_ISA_USAGE = YES_ERROR;
				CLANG_WARN_EMPTY_BODY = YES;
				CLANG_WARN_ENUM_CONVERSION = YES;
				CLANG_WARN_INT_CONVERSION = YES;
				CLANG_WARN_OBJC_ROOT_CLASS = YES_ERROR;
				CLANG_WARN_UNREACHABLE_CODE = YES;
				CLANG_WARN__DUPLICATE_METHOD_MATCH = YES;
				"CODE_SIGN_IDENTITY[sdk=iphoneos*]" = "iPhone Developer";
				COPY_PHASE_STRIP = YES;
				ENABLE_NS_ASSERTIONS = NO;
				ENABLE_STRICT_OBJC_MSGSEND = YES;
				GCC_C_LANGUAGE_STANDARD = gnu99;
				GCC_WARN_64_TO_32_BIT_CONVERSION = YES;
				GCC_WARN_ABOUT_RETURN_TYPE = YES_ERROR;
				GCC_WARN_UNDECLARED_SELECTOR = YES;
				GCC_WARN_UNINITIALIZED_AUTOS = YES_AGGRESSIVE;
				GCC_WARN_UNUSED_FUNCTION = YES;
				GCC_WARN_UNUSED_VARIABLE = YES;
				IPHONEOS_DEPLOYMENT_TARGET = 8.1;
				MTL_ENABLE_DEBUG_INFO = NO;
				SDKROOT = iphoneos;
				VALIDATE_PRODUCT = YES;
			};
			name = Release;
		};
		185B21F41B21464C000D64EB /* Debug */ = {
			isa = XCBuildConfiguration;
			buildSettings = {
				ASSETCATALOG_COMPILER_APPICON_NAME = AppIcon;
				INFOPLIST_FILE = LeeUmengShare/Info.plist;
				LD_RUNPATH_SEARCH_PATHS = "$(inherited) @executable_path/Frameworks";
				PRODUCT_NAME = "$(TARGET_NAME)";
			};
			name = Debug;
		};
		185B21F51B21464C000D64EB /* Release */ = {
			isa = XCBuildConfiguration;
			buildSettings = {
				ASSETCATALOG_COMPILER_APPICON_NAME = AppIcon;
				INFOPLIST_FILE = LeeUmengShare/Info.plist;
				LD_RUNPATH_SEARCH_PATHS = "$(inherited) @executable_path/Frameworks";
				PRODUCT_NAME = "$(TARGET_NAME)";
			};
			name = Release;
		};
		185B21F71B21464C000D64EB /* Debug */ = {
			isa = XCBuildConfiguration;
			buildSettings = {
				BUNDLE_LOADER = "$(TEST_HOST)";
				FRAMEWORK_SEARCH_PATHS = (
					"$(SDKROOT)/Developer/Library/Frameworks",
					"$(inherited)",
				);
				GCC_PREPROCESSOR_DEFINITIONS = (
					"DEBUG=1",
					"$(inherited)",
				);
				INFOPLIST_FILE = LeeUmengShareTests/Info.plist;
				LD_RUNPATH_SEARCH_PATHS = "$(inherited) @executable_path/Frameworks @loader_path/Frameworks";
				PRODUCT_NAME = "$(TARGET_NAME)";
				TEST_HOST = "$(BUILT_PRODUCTS_DIR)/LeeUmengShare.app/LeeUmengShare";
			};
			name = Debug;
		};
		185B21F81B21464C000D64EB /* Release */ = {
			isa = XCBuildConfiguration;
			buildSettings = {
				BUNDLE_LOADER = "$(TEST_HOST)";
				FRAMEWORK_SEARCH_PATHS = (
					"$(SDKROOT)/Developer/Library/Frameworks",
					"$(inherited)",
				);
				INFOPLIST_FILE = LeeUmengShareTests/Info.plist;
				LD_RUNPATH_SEARCH_PATHS = "$(inherited) @executable_path/Frameworks @loader_path/Frameworks";
				PRODUCT_NAME = "$(TARGET_NAME)";
				TEST_HOST = "$(BUILT_PRODUCTS_DIR)/LeeUmengShare.app/LeeUmengShare";
			};
			name = Release;
		};
/* End XCBuildConfiguration section */

/* Begin XCConfigurationList section */
		185B21CB1B21464C000D64EB /* Build configuration list for PBXProject "LeeUmengShare" */ = {
			isa = XCConfigurationList;
			buildConfigurations = (
				185B21F11B21464C000D64EB /* Debug */,
				185B21F21B21464C000D64EB /* Release */,
			);
			defaultConfigurationIsVisible = 0;
			defaultConfigurationName = Release;
		};
		185B21F31B21464C000D64EB /* Build configuration list for PBXNativeTarget "LeeUmengShare" */ = {
			isa = XCConfigurationList;
			buildConfigurations = (
				185B21F41B21464C000D64EB /* Debug */,
				185B21F51B21464C000D64EB /* Release */,
			);
			defaultConfigurationIsVisible = 0;
		};
		185B21F61B21464C000D64EB /* Build configuration list for PBXNativeTarget "LeeUmengShareTests" */ = {
			isa = XCConfigurationList;
			buildConfigurations = (
				185B21F71B21464C000D64EB /* Debug */,
				185B21F81B21464C000D64EB /* Release */,
			);
			defaultConfigurationIsVisible = 0;
		};
/* End XCConfigurationList section */
	};
	rootObject = 185B21C81B21464C000D64EB /* Project object */;
}
